
Microsoft Visual Studio Solution File, Format Version 12.00
# Visual Studio 15
VisualStudioVersion = 15.0.27703.2035
MinimumVisualStudioVersion = 10.0.40219.1
Project("{FAE04EC0-301F-11D3-BF4B-00C04F79EFBC}") = "ConsoleApp2", "ConsoleApp2\ConsoleApp2.csproj", "{387BC480-20C2-4F35-8DD0-2650B97186E9}"
EndProject
Global
	GlobalSection(SolutionConfigurationPlatforms) = preSolution
		Debug|Any CPU = Debug|Any CPU
		Release|Any CPU = Release|Any CPU
	EndGlobalSection
	GlobalSection(ProjectConfigurationPlatforms) = postSolution
		{387BC480-20C2-4F35-8DD0-2650B97186E9}.Debug|Any CPU.ActiveCfg = Debug|Any CPU
		{387BC480-20C2-4F35-8DD0-2650B97186E9}.Debug|Any CPU.Build.0 = Debug|Any CPU
		{387BC480-20C2-4F35-8DD0-2650B97186E9}.Release|Any CPU.ActiveCfg = Release|Any CPU
		{387BC480-20C2-4F35-8DD0-2650B97186E9}.Release|Any CPU.Build.0 = Release|Any CPU
	EndGlobalSection
	GlobalSection(SolutionProperties) = preSolution
		HideSolutionNode = FALSE
	EndGlobalSection
	GlobalSection(ExtensibilityGlobals) = postSolution
		SolutionGuid = {56A37636-F5C4-4E43-8883-F93EA59B1EBC}
	EndGlobalSection
EndGlobal
